dependencies:
- name: postgresql
  repository: https://kubernetes-charts.storage.googleapis.com/
  version: 7.0.0
- name: mlflow
  repository: file://../mlflow
  version: 0.4.1
digest: sha256:97298bf6868fedabca4b4dd4e494e2ca6c4631188d8cb23151df4d7df6e471a1
generated: "2020-09-28T23:18:49.077269+07:00"
